
Microsoft Visual Studio Solution File, Format Version 12.00
# Visual Studio Version 16
VisualStudioVersion = 16.0.30128.74
MinimumVisualStudioVersion = 10.0.40219.1
Project("{8BC9CEB8-8B4A-11D0-8D11-00A0C91BC942}") = "xxxx", "xxxx.vcxproj", "{758032C9-78E0-489D-A437-6E6B3A0CA405}"
EndProject
Project("{8BC9CEB8-8B4A-11D0-8D11-00A0C91BC942}") = "loadDll", "..\loadDll\loadDll.vcxproj", "{E8F4B79D-FF6A-4928-A09F-530FDB1E3A27}"
	ProjectSection(ProjectDependencies) = postProject
		{758032C9-78E0-489D-A437-6E6B3A0CA405} = {758032C9-78E0-489D-A437-6E6B3A0CA405}
	EndProjectSection
EndProject
Global
	GlobalSection(SolutionConfigurationPlatforms) = preSolution
		Debug|x64 = Debug|x64
		Debug|x86 = Debug|x86
		Release|x64 = Release|x64
		Release|x86 = Release|x86
	EndGlobalSection
	GlobalSection(ProjectConfigurationPlatforms) = postSolution
		{758032C9-78E0-489D-A437-6E6B3A0CA405}.Debug|x64.ActiveCfg = Debug|x64
		{758032C9-78E0-489D-A437-6E6B3A0CA405}.Debug|x64.Build.0 = Debug|x64
		{758032C9-78E0-489D-A437-6E6B3A0CA405}.Debug|x86.ActiveCfg = Debug|Win32
		{758032C9-78E0-489D-A437-6E6B3A0CA405}.Debug|x86.Build.0 = Debug|Win32
		{758032C9-78E0-489D-A437-6E6B3A0CA405}.Release|x64.ActiveCfg = Release|x64
		{758032C9-78E0-489D-A437-6E6B3A0CA405}.Release|x64.Build.0 = Release|x64
		{758032C9-78E0-489D-A437-6E6B3A0CA405}.Release|x86.ActiveCfg = Release|Win32
		{758032C9-78E0-489D-A437-6E6B3A0CA405}.Release|x86.Build.0 = Release|Win32
		{E8F4B79D-FF6A-4928-A09F-530FDB1E3A27}.Debug|x64.ActiveCfg = Debug|x64
		{E8F4B79D-FF6A-4928-A09F-530FDB1E3A27}.Debug|x64.Build.0 = Debug|x64
		{E8F4B79D-FF6A-4928-A09F-530FDB1E3A27}.Debug|x86.ActiveCfg = Debug|Win32
		{E8F4B79D-FF6A-4928-A09F-530FDB1E3A27}.Debug|x86.Build.0 = Debug|Win32
		{E8F4B79D-FF6A-4928-A09F-530FDB1E3A27}.Release|x64.ActiveCfg = Release|x64
		{E8F4B79D-FF6A-4928-A09F-530FDB1E3A27}.Release|x64.Build.0 = Release|x64
		{E8F4B79D-FF6A-4928-A09F-530FDB1E3A27}.Release|x86.ActiveCfg = Release|Win32
		{E8F4B79D-FF6A-4928-A09F-530FDB1E3A27}.Release|x86.Build.0 = Release|Win32
	EndGlobalSection
	GlobalSection(SolutionProperties) = preSolution
		HideSolutionNode = FALSE
	EndGlobalSection
	GlobalSection(ExtensibilityGlobals) = postSolution
		SolutionGuid = {5878A095-ADBB-4F44-8A7C-0D5E053CCEEE}
	EndGlobalSection
EndGlobal
